// !$*UTF8*$!
{
	archiveVersion = 1;
	classes = {
	};
	objectVersion = 77;
	objects = {

/* Begin PBXBuildFile section */
		88178E71E9A79CE0487621FF /* libPods-WhiteNeedleExample.a in Frameworks */ = {isa = PBXBuildFile; fileRef = 0E2A8719A0EF94B6235F8CC4 /* libPods-WhiteNeedleExample.a */; };
/* End PBXBuildFile section */

/* Begin PBXFileReference section */
		0E2A8719A0EF94B6235F8CC4 /* libPods-WhiteNeedleExample.a */ = {isa = PBXFileReference; explicitFileType = archive.ar; includeInIndex = 0; path = "libPods-WhiteNeedleExample.a"; sourceTree = BUILT_PRODUCTS_DIR; };
		1CDB3E96E34424E2103CE142 /* Pods-WhiteNeedleExample.debug.xcconfig */ = {isa = PBXFileReference; includeInIndex = 1; lastKnownFileType = text.xcconfig; name = "Pods-WhiteNeedleExample.debug.xcconfig"; path = "Target Support Files/Pods-WhiteNeedleExample/Pods-WhiteNeedleExample.debug.xcconfig"; sourceTree = "<group>"; };
		29390B36904AA22FE0D89240 /* Pods-WhiteNeedleExample.release.xcconfig */ = {isa = PBXFileReference; includeInIndex = 1; lastKnownFileType = text.xcconfig; name = "Pods-WhiteNeedleExample.release.xcconfig"; path = "Target Support Files/Pods-WhiteNeedleExample/Pods-WhiteNeedleExample.release.xcconfig"; sourceTree = "<group>"; };
		6CDBE7032F76CDF6006DCC01 /* WhiteNeedleExample.app */ = {isa = PBXFileReference; explicitFileType = wrapper.application; includeInIndex = 0; path = WhiteNeedleExample.app; sourceTree = BUILT_PRODUCTS_DIR; };
/* End PBXFileReference section */

/* Begin PBXFileSystemSynchronizedBuildFileExceptionSet section */
		6CDBE71A2F76CDF7006DCC01 /* Exceptions for "WhiteNeedleExample" folder in "WhiteNeedleExample" target */ = {
			isa = PBXFileSystemSynchronizedBuildFileExceptionSet;
			membershipExceptions = (
				Info.plist,
			);
			target = 6CDBE7022F76CDF6006DCC01 /* WhiteNeedleExample */;
		};
/* End PBXFileSystemSynchronizedBuildFileExceptionSet section */

/* Begin PBXFileSystemSynchronizedRootGroup section */
		6CDBE7052F76CDF6006DCC01 /* WhiteNeedleExample */ = {
			isa = PBXFileSystemSynchronizedRootGroup;
			exceptions = (
				6CDBE71A2F76CDF7006DCC01 /* Exceptions for "WhiteNeedleExample" folder in "WhiteNeedleExample" target */,
			);
			path = WhiteNeedleExample;
			sourceTree = "<group>";
		};
/* End PBXFileSystemSynchronizedRootGroup section */

/* Begin PBXFrameworksBuildPhase section */
		6CDBE7002F76CDF6006DCC01 /* Frameworks */ = {
			isa = PBXFrameworksBuildPhase;
			buildActionMask = 2147483647;
			files = (
				88178E71E9A79CE0487621FF /* libPods-WhiteNeedleExample.a in Frameworks */,
			);
			runOnlyForDeploymentPostprocessing = 0;
		};
/* End PBXFrameworksBuildPhase section */

/* Begin PBXGroup section */
		089C32D32F8F52480CFC0C09 /* Frameworks */ = {
			isa = PBXGroup;
			children = (
				0E2A8719A0EF94B6235F8CC4 /* libPods-WhiteNeedleExample.a */,
			);
			name = Frameworks;
			sourceTree = "<group>";
		};
		6CDBE6FA2F76CDF6006DCC01 = {
			isa = PBXGroup;
			children = (
				6CDBE7052F76CDF6006DCC01 /* WhiteNeedleExample */,
				6CDBE7042F76CDF6006DCC01 /* Products */,
				8CD52AACCF0F601DD1BC9756 /* Pods */,
				089C32D32F8F52480CFC0C09 /* Frameworks */,
			);
			sourceTree = "<group>";
		};
		6CDBE7042F76CDF6006DCC01 /* Products */ = {
			isa = PBXGroup;
			children = (
				6CDBE7032F76CDF6006DCC01 /* WhiteNeedleExample.app */,
			);
			name = Products;
			sourceTree = "<group>";
		};
		8CD52AACCF0F601DD1BC9756 /* Pods */ = {
			isa = PBXGroup;
			children = (
				1CDB3E96E34424E2103CE142 /* Pods-WhiteNeedleExample.debug.xcconfig */,
				29390B36904AA22FE0D89240 /* Pods-WhiteNeedleExample.release.xcconfig */,
			);
			path = Pods;
			sourceTree = "<group>";
		};
/* End PBXGroup section */

/* Begin PBXNativeTarget section */
		6CDBE7022F76CDF6006DCC01 /* WhiteNeedleExample */ = {
			isa = PBXNativeTarget;
			buildConfigurationList = 6CDBE71B2F76CDF7006DCC01 /* Build configuration list for PBXNativeTarget "WhiteNeedleExample" */;
			buildPhases = (
				E67E64882B05C1EFAC8B2D6F /* [CP] Check Pods Manifest.lock */,
				6CDBE6FF2F76CDF6006DCC01 /* Sources */,
				6CDBE7002F76CDF6006DCC01 /* Frameworks */,
				6CDBE7012F76CDF6006DCC01 /* Resources */,
				AF8C09A487FF6C483466D6EF /* [WhiteNeedle] Inject Network Permissions */,
				39DEEAA3F9914E20E8617141 /* [CP-User] Copy Test Scripts */,
			);
			buildRules = (
			);
			dependencies = (
			);
			fileSystemSynchronizedGroups = (
				6CDBE7052F76CDF6006DCC01 /* WhiteNeedleExample */,
			);
			name = WhiteNeedleExample;
			productName = WhiteNeedleExample;
			productReference = 6CDBE7032F76CDF6006DCC01 /* WhiteNeedleExample.app */;
			productType = "com.apple.product-type.application";
		};
/* End PBXNativeTarget section */

/* Begin PBXProject section */
		6CDBE6FB2F76CDF6006DCC01 /* Project object */ = {
			isa = PBXProject;
			attributes = {
				BuildIndependentTargetsInParallel = 1;
				LastUpgradeCheck = 2630;
				TargetAttributes = {
					6CDBE7022F76CDF6006DCC01 = {
						CreatedOnToolsVersion = 26.3;
					};
				};
			};
			buildConfigurationList = 6CDBE6FE2F76CDF6006DCC01 /* Build configuration list for PBXProject "WhiteNeedleExample" */;
			developmentRegion = en;
			hasScannedForEncodings = 0;
			knownRegions = (
				en,
				Base,
			);
			mainGroup = 6CDBE6FA2F76CDF6006DCC01;
			minimizedProjectReferenceProxies = 1;
			preferredProjectObjectVersion = 77;
			productRefGroup = 6CDBE7042F76CDF6006DCC01 /* Products */;
			projectDirPath = "";
			projectRoot = "";
			targets = (
				6CDBE7022F76CDF6006DCC01 /* WhiteNeedleExample */,
			);
		};
/* End PBXProject section */

/* Begin PBXResourcesBuildPhase section */
		6CDBE7012F76CDF6006DCC01 /* Resources */ = {
			isa = PBXResourcesBuildPhase;
			buildActionMask = 2147483647;
			files = (
			);
			runOnlyForDeploymentPostprocessing = 0;
		};
/* End PBXResourcesBuildPhase section */

/* Begin PBXShellScriptBuildPhase section */
		39DEEAA3F9914E20E8617141 /* [CP-User] Copy Test Scripts */ = {
			isa = PBXShellScriptBuildPhase;
			buildActionMask = 2147483647;
			files = (
			);
			name = "[CP-User] Copy Test Scripts";
			runOnlyForDeploymentPostprocessing = 0;
			shellPath = /bin/sh;
			shellScript = "rsync -av --delete \"${SRCROOT}/../../test-scripts/\" \"${BUILT_PRODUCTS_DIR}/${UNLOCALIZED_RESOURCES_FOLDER_PATH}/test-scripts/\"";
		};
		AF8C09A487FF6C483466D6EF /* [WhiteNeedle] Inject Network Permissions */ = {
			isa = PBXShellScriptBuildPhase;
			buildActionMask = 2147483647;
			files = (
			);
			inputFileListPaths = (
			);
			inputPaths = (
			);
			name = "[WhiteNeedle] Inject Network Permissions";
			outputFileListPaths = (
			);
			outputPaths = (
			);
			runOnlyForDeploymentPostprocessing = 0;
			shellPath = /bin/sh;
			shellScript = "PLIST=\"${BUILT_PRODUCTS_DIR}/${INFOPLIST_PATH}\"\n[ -f \"$PLIST\" ] || { echo \"warning: [WhiteNeedle] Info.plist not found, skipping.\"; exit 0; }\n\nBUDDY=/usr/libexec/PlistBuddy\nCHANGED=0\n\n# NSBonjourServices — ensure array contains _whiteneedle._tcp\nif ! $BUDDY -c \"Print :NSBonjourServices\" \"$PLIST\" 2>/dev/null | grep -q \"_whiteneedle._tcp\"; then\n  $BUDDY -c \"Add :NSBonjourServices array\" \"$PLIST\" 2>/dev/null || true\n  $BUDDY -c \"Add :NSBonjourServices: string _whiteneedle._tcp\" \"$PLIST\"\n  CHANGED=1\nfi\n\n# NSLocalNetworkUsageDescription\nif ! $BUDDY -c \"Print :NSLocalNetworkUsageDescription\" \"$PLIST\" 2>/dev/null >/dev/null; then\n  $BUDDY -c \"Add :NSLocalNetworkUsageDescription string WhiteNeedle uses the local network for remote debugging.\" \"$PLIST\"\n  CHANGED=1\nfi\n\n# Restore binary plist format to avoid Xcode IDEPlistDocument errors\nif [ \"$CHANGED\" -eq 1 ]; then\n  plutil -convert binary1 \"$PLIST\"\n  echo \"note: [WhiteNeedle] Injected Bonjour permissions into Info.plist\"\nfi\n";
		};
		E67E64882B05C1EFAC8B2D6F /* [CP] Check Pods Manifest.lock */ = {
			isa = PBXShellScriptBuildPhase;
			buildActionMask = 2147483647;
			files = (
			);
			inputFileListPaths = (
			);
			inputPaths = (
				"${PODS_PODFILE_DIR_PATH}/Podfile.lock",
				"${PODS_ROOT}/Manifest.lock",
			);
			name = "[CP] Check Pods Manifest.lock";
			outputFileListPaths = (
			);
			outputPaths = (
				"$(DERIVED_FILE_DIR)/Pods-WhiteNeedleExample-checkManifestLockResult.txt",
			);
			runOnlyForDeploymentPostprocessing = 0;
			shellPath = /bin/sh;
			shellScript = "diff \"${PODS_PODFILE_DIR_PATH}/Podfile.lock\" \"${PODS_ROOT}/Manifest.lock\" > /dev/null\nif [ $? != 0 ] ; then\n    # print error to STDERR\n    echo \"error: The sandbox is not in sync with the Podfile.lock. Run 'pod install' or update your CocoaPods installation.\" >&2\n    exit 1\nfi\n# This output is used by Xcode 'outputs' to avoid re-running this script phase.\necho \"SUCCESS\" > \"${SCRIPT_OUTPUT_FILE_0}\"\n";
			showEnvVarsInLog = 0;
		};
/* End PBXShellScriptBuildPhase section */

/* Begin PBXSourcesBuildPhase section */
		6CDBE6FF2F76CDF6006DCC01 /* Sources */ = {
			isa = PBXSourcesBuildPhase;
			buildActionMask = 2147483647;
			files = (
			);
			runOnlyForDeploymentPostprocessing = 0;
		};
/* End PBXSourcesBuildPhase section */

/* Begin XCBuildConfiguration section */
		6CDBE71C2F76CDF7006DCC01 /* Debug */ = {
			isa = XCBuildConfiguration;
			baseConfigurationReference = 1CDB3E96E34424E2103CE142 /* Pods-WhiteNeedleExample.debug.xcconfig */;
			buildSettings = {
				ASSETCATALOG_COMPILER_APPICON_NAME = AppIcon;
				ASSETCATALOG_COMPILER_GLOBAL_ACCENT_COLOR_NAME = AccentColor;
				CODE_SIGN_STYLE = Automatic;
				CURRENT_PROJECT_VERSION = 1;
				DEVELOPMENT_TEAM = YK4WKE5WAM;
				ENABLE_USER_SCRIPT_SANDBOXING = NO;
				GENERATE_INFOPLIST_FILE = YES;
				INFOPLIST_FILE = WhiteNeedleExample/Info.plist;
				INFOPLIST_KEY_UIApplicationSupportsIndirectInputEvents = YES;
				INFOPLIST_KEY_UILaunchStoryboardName = LaunchScreen;
				INFOPLIST_KEY_UIMainStoryboardFile = Main;
				INFOPLIST_KEY_UISupportedInterfaceOrientations_iPad = "UIInterfaceOrientationPortrait UIInterfaceOrientationPortraitUpsideDown UIInterfaceOrientationLandscapeLeft UIInterfaceOrientationLandscapeRight";
				INFOPLIST_KEY_UISupportedInterfaceOrientations_iPhone = "UIInterfaceOrientationPortrait UIInterfaceOrientationLandscapeLeft UIInterfaceOrientationLandscapeRight";
				IPHONEOS_DEPLOYMENT_TARGET = 15.6;
				LD_RUNPATH_SEARCH_PATHS = (
					"$(inherited)",
					"@executable_path/Frameworks",
				);
				MARKETING_VERSION = 1.0;
				PRODUCT_BUNDLE_IDENTIFIER = com.bigwhite.WhiteNeedleExample;
				PRODUCT_NAME = "$(TARGET_NAME)";
				STRING_CATALOG_GENERATE_SYMBOLS = YES;
				SWIFT_EMIT_LOC_STRINGS = YES;
				TARGETED_DEVICE_FAMILY = "1,2";
			};
			name = Debug;
		};
		6CDBE71D2F76CDF7006DCC01 /* Release */ = {
			isa = XCBuildConfiguration;
			baseConfigurationReference = 29390B36904AA22FE0D89240 /* Pods-WhiteNeedleExample.release.xcconfig */;
			buildSettings = {
				ASSETCATALOG_COMPILER_APPICON_NAME = AppIcon;
				ASSETCATALOG_COMPILER_GLOBAL_ACCENT_COLOR_NAME = AccentColor;
				CODE_SIGN_STYLE = Automatic;
				CURRENT_PROJECT_VERSION = 1;
				DEVELOPMENT_TEAM = YK4WKE5WAM;
				ENABLE_USER_SCRIPT_SANDBOXING = NO;
				GENERATE_INFOPLIST_FILE = YES;
				INFOPLIST_FILE = WhiteNeedleExample/Info.plist;
				INFOPLIST_KEY_UIApplicationSupportsIndirectInputEvents = YES;
				INFOPLIST_KEY_UILaunchStoryboardName = LaunchScreen;
				INFOPLIST_KEY_UIMainStoryboardFile = Main;
				INFOPLIST_KEY_UISupportedInterfaceOrientations_iPad = "UIInterfaceOrientationPortrait UIInterfaceOrientationPortraitUpsideDown UIInterfaceOrientationLandscapeLeft UIInterfaceOrientationLandscapeRight";
				INFOPLIST_KEY_UISupportedInterfaceOrientations_iPhone = "UIInterfaceOrientationPortrait UIInterfaceOrientationLandscapeLeft UIInterfaceOrientationLandscapeRight";
				IPHONEOS_DEPLOYMENT_TARGET = 15.6;
				LD_RUNPATH_SEARCH_PATHS = (
					"$(inherited)",
					"@executable_path/Frameworks",
				);
				MARKETING_VERSION = 1.0;
				PRODUCT_BUNDLE_IDENTIFIER = com.bigwhite.WhiteNeedleExample;
				PRODUCT_NAME = "$(TARGET_NAME)";
				STRING_CATALOG_GENERATE_SYMBOLS = YES;
				SWIFT_EMIT_LOC_STRINGS = YES;
				TARGETED_DEVICE_FAMILY = "1,2";
			};
			name = Release;
		};
		6CDBE71E2F76CDF7006DCC01 /* Debug */ = {
			isa = XCBuildConfiguration;
			buildSettings = {
				ALWAYS_SEARCH_USER_PATHS = NO;
				ASSETCATALOG_COMPILER_GENERATE_SWIFT_ASSET_SYMBOL_EXTENSIONS = YES;
				CLANG_ANALYZER_NONNULL = YES;
				CLANG_ANALYZER_NUMBER_OBJECT_CONVERSION = YES_AGGRESSIVE;
				CLANG_CXX_LANGUAGE_STANDARD = "gnu++20";
				CLANG_ENABLE_MODULES = YES;
				CLANG_ENABLE_OBJC_ARC = YES;
				CLANG_ENABLE_OBJC_WEAK = YES;
				CLANG_WARN_BLOCK_CAPTURE_AUTORELEASING = YES;
				CLANG_WARN_BOOL_CONVERSION = YES;
				CLANG_WARN_COMMA = YES;
				CLANG_WARN_CONSTANT_CONVERSION = YES;
				CLANG_WARN_DEPRECATED_OBJC_IMPLEMENTATIONS = YES;
				CLANG_WARN_DIRECT_OBJC_ISA_USAGE = YES_ERROR;
				CLANG_WARN_DOCUMENTATION_COMMENTS = YES;
				CLANG_WARN_EMPTY_BODY = YES;
				CLANG_WARN_ENUM_CONVERSION = YES;
				CLANG_WARN_INFINITE_RECURSION = YES;
				CLANG_WARN_INT_CONVERSION = YES;
				CLANG_WARN_NON_LITERAL_NULL_CONVERSION = YES;
				CLANG_WARN_OBJC_IMPLICIT_RETAIN_SELF = YES;
				CLANG_WARN_OBJC_LITERAL_CONVERSION = YES;
				CLANG_WARN_OBJC_ROOT_CLASS = YES_ERROR;
				CLANG_WARN_QUOTED_INCLUDE_IN_FRAMEWORK_HEADER = YES;
				CLANG_WARN_RANGE_LOOP_ANALYSIS = YES;
				CLANG_WARN_STRICT_PROTOTYPES = YES;
				CLANG_WARN_SUSPICIOUS_MOVE = YES;
				CLANG_WARN_UNGUARDED_AVAILABILITY = YES_AGGRESSIVE;
				CLANG_WARN_UNREACHABLE_CODE = YES;
				CLANG_WARN__DUPLICATE_METHOD_MATCH = YES;
				COPY_PHASE_STRIP = NO;
				DEBUG_INFORMATION_FORMAT = dwarf;
				DEVELOPMENT_TEAM = UWKKPSDZ7F;
				ENABLE_STRICT_OBJC_MSGSEND = YES;
				ENABLE_TESTABILITY = YES;
				ENABLE_USER_SCRIPT_SANDBOXING = YES;
				GCC_C_LANGUAGE_STANDARD = gnu17;
				GCC_DYNAMIC_NO_PIC = NO;
				GCC_NO_COMMON_BLOCKS = YES;
				GCC_OPTIMIZATION_LEVEL = 0;
				GCC_PREPROCESSOR_DEFINITIONS = (
					"DEBUG=1",
					"$(inherited)",
				);
				GCC_WARN_64_TO_32_BIT_CONVERSION = YES;
				GCC_WARN_ABOUT_RETURN_TYPE = YES_ERROR;
				GCC_WARN_UNDECLARED_SELECTOR = YES;
				GCC_WARN_UNINITIALIZED_AUTOS = YES_AGGRESSIVE;
				GCC_WARN_UNUSED_FUNCTION = YES;
				GCC_WARN_UNUSED_VARIABLE = YES;
				IPHONEOS_DEPLOYMENT_TARGET = 26.2;
				LOCALIZATION_PREFERS_STRING_CATALOGS = YES;
				MTL_ENABLE_DEBUG_INFO = INCLUDE_SOURCE;
				MTL_FAST_MATH = YES;
				ONLY_ACTIVE_ARCH = YES;
				SDKROOT = iphoneos;
			};
			name = Debug;
		};
		6CDBE71F2F76CDF7006DCC01 /* Release */ = {
			isa = XCBuildConfiguration;
			buildSettings = {
				ALWAYS_SEARCH_USER_PATHS = NO;
				ASSETCATALOG_COMPILER_GENERATE_SWIFT_ASSET_SYMBOL_EXTENSIONS = YES;
				CLANG_ANALYZER_NONNULL = YES;
				CLANG_ANALYZER_NUMBER_OBJECT_CONVERSION = YES_AGGRESSIVE;
				CLANG_CXX_LANGUAGE_STANDARD = "gnu++20";
				CLANG_ENABLE_MODULES = YES;
				CLANG_ENABLE_OBJC_ARC = YES;
				CLANG_ENABLE_OBJC_WEAK = YES;
				CLANG_WARN_BLOCK_CAPTURE_AUTORELEASING = YES;
				CLANG_WARN_BOOL_CONVERSION = YES;
				CLANG_WARN_COMMA = YES;
				CLANG_WARN_CONSTANT_CONVERSION = YES;
				CLANG_WARN_DEPRECATED_OBJC_IMPLEMENTATIONS = YES;
				CLANG_WARN_DIRECT_OBJC_ISA_USAGE = YES_ERROR;
				CLANG_WARN_DOCUMENTATION_COMMENTS = YES;
				CLANG_WARN_EMPTY_BODY = YES;
				CLANG_WARN_ENUM_CONVERSION = YES;
				CLANG_WARN_INFINITE_RECURSION = YES;
				CLANG_WARN_INT_CONVERSION = YES;
				CLANG_WARN_NON_LITERAL_NULL_CONVERSION = YES;
				CLANG_WARN_OBJC_IMPLICIT_RETAIN_SELF = YES;
				CLANG_WARN_OBJC_LITERAL_CONVERSION = YES;
				CLANG_WARN_OBJC_ROOT_CLASS = YES_ERROR;
				CLANG_WARN_QUOTED_INCLUDE_IN_FRAMEWORK_HEADER = YES;
				CLANG_WARN_RANGE_LOOP_ANALYSIS = YES;
				CLANG_WARN_STRICT_PROTOTYPES = YES;
				CLANG_WARN_SUSPICIOUS_MOVE = YES;
				CLANG_WARN_UNGUARDED_AVAILABILITY = YES_AGGRESSIVE;
				CLANG_WARN_UNREACHABLE_CODE = YES;
				CLANG_WARN__DUPLICATE_METHOD_MATCH = YES;
				COPY_PHASE_STRIP = NO;
				DEBUG_INFORMATION_FORMAT = "dwarf-with-dsym";
				DEVELOPMENT_TEAM = UWKKPSDZ7F;
				ENABLE_NS_ASSERTIONS = NO;
				ENABLE_STRICT_OBJC_MSGSEND = YES;
				ENABLE_USER_SCRIPT_SANDBOXING = YES;
				GCC_C_LANGUAGE_STANDARD = gnu17;
				GCC_NO_COMMON_BLOCKS = YES;
				GCC_WARN_64_TO_32_BIT_CONVERSION = YES;
				GCC_WARN_ABOUT_RETURN_TYPE = YES_ERROR;
				GCC_WARN_UNDECLARED_SELECTOR = YES;
				GCC_WARN_UNINITIALIZED_AUTOS = YES_AGGRESSIVE;
				GCC_WARN_UNUSED_FUNCTION = YES;
				GCC_WARN_UNUSED_VARIABLE = YES;
				IPHONEOS_DEPLOYMENT_TARGET = 26.2;
				LOCALIZATION_PREFERS_STRING_CATALOGS = YES;
				MTL_ENABLE_DEBUG_INFO = NO;
				MTL_FAST_MATH = YES;
				SDKROOT = iphoneos;
				VALIDATE_PRODUCT = YES;
			};
			name = Release;
		};
/* End XCBuildConfiguration section */

/* Begin XCConfigurationList section */
		6CDBE6FE2F76CDF6006DCC01 /* Build configuration list for PBXProject "WhiteNeedleExample" */ = {
			isa = XCConfigurationList;
			buildConfigurations = (
				6CDBE71E2F76CDF7006DCC01 /* Debug */,
				6CDBE71F2F76CDF7006DCC01 /* Release */,
			);
			defaultConfigurationIsVisible = 0;
			defaultConfigurationName = Release;
		};
		6CDBE71B2F76CDF7006DCC01 /* Build configuration list for PBXNativeTarget "WhiteNeedleExample" */ = {
			isa = XCConfigurationList;
			buildConfigurations = (
				6CDBE71C2F76CDF7006DCC01 /* Debug */,
				6CDBE71D2F76CDF7006DCC01 /* Release */,
			);
			defaultConfigurationIsVisible = 0;
			defaultConfigurationName = Release;
		};
/* End XCConfigurationList section */
	};
	rootObject = 6CDBE6FB2F76CDF6006DCC01 /* Project object */;
}
