PODS:
  - WhiteNeedle (2.0.0)

DEPENDENCIES:
  - WhiteNeedle (from `../../ios-dylib/WhiteNeedle`)

EXTERNAL SOURCES:
  WhiteNeedle:
    :path: "../../ios-dylib/WhiteNeedle"

SPEC CHECKSUMS:
  WhiteNeedle: 15ad910dd605e94a21e6a6cb63b71dc94683a55b

PODFILE CHECKSUM: b4bc1788bfce1560f14d2191f0507e1fd16211ae

COCOAPODS: 1.16.2
