PODS:
  - WhiteNeedle (2.0.0)

DEPENDENCIES:
  - WhiteNeedle (from `../../ios-dylib/WhiteNeedle`)

EXTERNAL SOURCES:
  WhiteNeedle:
    :path: "../../ios-dylib/WhiteNeedle"

SPEC CHECKSUMS:
  WhiteNeedle: da08371a00e1b265323e085907fbc7dee4cf8cf2

PODFILE CHECKSUM: acacfee3972c7de135851ecd9d22054dc97fa985

COCOAPODS: 1.15.2
