PODS:
  - WhiteNeedle (2.0.0)

DEPENDENCIES:
  - WhiteNeedle (from `../../ios-dylib/WhiteNeedle`)

EXTERNAL SOURCES:
  WhiteNeedle:
    :path: "../../ios-dylib/WhiteNeedle"

SPEC CHECKSUMS:
  WhiteNeedle: 4165cbb0f1457a5c190b83a3af472108a9245e12

PODFILE CHECKSUM: 666624ac54cfd08abf9814e26df851e6ebd9a3e0

COCOAPODS: 1.16.2
